PODS:
  - compassx (0.0.1):
    - Flutter
  - Flutter (1.0.0)

DEPENDENCIES:
  - compassx (from `.symlinks/plugins/compassx/ios`)
  - Flutter (from `Flutter`)

EXTERNAL SOURCES:
  compassx:
    :path: ".symlinks/plugins/compassx/ios"
  Flutter:
    :path: Flutter

SPEC CHECKSUMS:
  compassx: 2d291f8c8e5672f35c62277f2318ef48359dc1d0
  Flutter: 71a624a5bc0c04062bf19101d501e466baf2fb47

PODFILE CHECKSUM: e9fda76361f7b869a3fa74d0e691906ebc6ead57

COCOAPODS: 1.17.0
